
Microsoft Visual Studio Solution File, Format Version 12.00
# Visual Studio Version 16
VisualStudioVersion = 16.0.32802.440
MinimumVisualStudioVersion = 10.0.40219.1
Project("{FAE04EC0-301F-11D3-BF4B-00C04F79EFBC}") = "ParcialDeFacundoPeraltaa", "ParcialDeFacundoPeraltaa\ParcialDeFacundoPeraltaa.csproj", "{168C4830-DB46-4393-9C24-7FF5C3ECAB45}"
EndProject
Global
	GlobalSection(SolutionConfigurationPlatforms) = preSolution
		Debug|Any CPU = Debug|Any CPU
		Release|Any CPU = Release|Any CPU
	EndGlobalSection
	GlobalSection(ProjectConfigurationPlatforms) = postSolution
		{168C4830-DB46-4393-9C24-7FF5C3ECAB45}.Debug|Any CPU.ActiveCfg = Debug|Any CPU
		{168C4830-DB46-4393-9C24-7FF5C3ECAB45}.Debug|Any CPU.Build.0 = Debug|Any CPU
		{168C4830-DB46-4393-9C24-7FF5C3ECAB45}.Release|Any CPU.ActiveCfg = Release|Any CPU
		{168C4830-DB46-4393-9C24-7FF5C3ECAB45}.Release|Any CPU.Build.0 = Release|Any CPU
	EndGlobalSection
	GlobalSection(SolutionProperties) = preSolution
		HideSolutionNode = FALSE
	EndGlobalSection
	GlobalSection(ExtensibilityGlobals) = postSolution
		SolutionGuid = {4429EEE1-4980-4348-813E-DFFCAA29709A}
	EndGlobalSection
EndGlobal
